// !$*UTF8*$!
{
	archiveVersion = 1;
	classes = {
	};
	objectVersion = 50;
	objects = {

/* Begin PBXBuildFile section */
		3E88BDDE267904CF00B553C8 /* AppDelegate.swift in Sources */ = {isa = PBXBuildFile; fileRef = 3E88BDDD267904CF00B553C8 /* AppDelegate.swift */; };
		3E88BDE0267904CF00B553C8 /* SceneDelegate.swift in Sources */ = {isa = PBXBuildFile; fileRef = 3E88BDDF267904CF00B553C8 /* SceneDelegate.swift */; };
		3E88BDE2267904CF00B553C8 /* ViewController.swift in Sources */ = {isa = PBXBuildFile; fileRef = 3E88BDE1267904CF00B553C8 /* ViewController.swift */; };
		3E88BDE5267904CF00B553C8 /* Main.storyboard in Resources */ = {isa = PBXBuildFile; fileRef = 3E88BDE3267904CF00B553C8 /* Main.storyboard */; };
		3E88BDE7267904D000B553C8 /* Assets.xcassets in Resources */ = {isa = PBXBuildFile; fileRef = 3E88BDE6267904D000B553C8 /* Assets.xcassets */; };
		3E88BDEA267904D000B553C8 /* LaunchScreen.storyboard in Resources */ = {isa = PBXBuildFile; fileRef = 3E88BDE8267904D000B553C8 /* LaunchScreen.storyboard */; };
		3E88BDF5267904D100B553C8 /* XCTestSampleTests.swift in Sources */ = {isa = PBXBuildFile; fileRef = 3E88BDF4267904D100B553C8 /* XCTestSampleTests.swift */; };
		3E88BE00267904D100B553C8 /* XCTestSampleUITests.swift in Sources */ = {isa = PBXBuildFile; fileRef = 3E88BDFF267904D100B553C8 /* XCTestSampleUITests.swift */; };
/* End PBXBuildFile section */

/* Begin PBXContainerItemProxy section */
		3E88BDF1267904D100B553C8 /* PBXContainerItemProxy */ = {
			isa = PBXContainerItemProxy;
			containerPortal = 3E88BDD2267904CF00B553C8 /* Project object */;
			proxyType = 1;
			remoteGlobalIDString = 3E88BDD9267904CF00B553C8;
			remoteInfo = XCTestSample;
		};
		3E88BDFC267904D100B553C8 /* PBXContainerItemProxy */ = {
			isa = PBXContainerItemProxy;
			containerPortal = 3E88BDD2267904CF00B553C8 /* Project object */;
			proxyType = 1;
			remoteGlobalIDString = 3E88BDD9267904CF00B553C8;
			remoteInfo = XCTestSample;
		};
/* End PBXContainerItemProxy section */

/* Begin PBXFileReference section */
		3E88BDDA267904CF00B553C8 /* XCTestSample.app */ = {isa = PBXFileReference; explicitFileType = wrapper.application; includeInIndex = 0; path = XCTestSample.app; sourceTree = BUILT_PRODUCTS_DIR; };
		3E88BDDD267904CF00B553C8 /* AppDelegate.swift */ = {isa = PBXFileReference; lastKnownFileType = sourcecode.swift; path = AppDelegate.swift; sourceTree = "<group>"; };
		3E88BDDF267904CF00B553C8 /* SceneDelegate.swift */ = {isa = PBXFileReference; lastKnownFileType = sourcecode.swift; path = SceneDelegate.swift; sourceTree = "<group>"; };
		3E88BDE1267904CF00B553C8 /* ViewController.swift */ = {isa = PBXFileReference; lastKnownFileType = sourcecode.swift; path = ViewController.swift; sourceTree = "<group>"; };
		3E88BDE4267904CF00B553C8 /* Base */ = {isa = PBXFileReference; lastKnownFileType = file.storyboard; name = Base; path = Base.lproj/Main.storyboard; sourceTree = "<group>"; };
		3E88BDE6267904D000B553C8 /* Assets.xcassets */ = {isa = PBXFileReference; lastKnownFileType = folder.assetcatalog; path = Assets.xcassets; sourceTree = "<group>"; };
		3E88BDE9267904D000B553C8 /* Base */ = {isa = PBXFileReference; lastKnownFileType = file.storyboard; name = Base; path = Base.lproj/LaunchScreen.storyboard; sourceTree = "<group>"; };
		3E88BDEB267904D000B553C8 /* Info.plist */ = {isa = PBXFileReference; lastKnownFileType = text.plist.xml; path = Info.plist; sourceTree = "<group>"; };
		3E88BDF0267904D100B553C8 /* XCTestSampleTests.xctest */ = {isa = PBXFileReference; explicitFileType = wrapper.cfbundle; includeInIndex = 0; path = XCTestSampleTests.xctest; sourceTree = BUILT_PRODUCTS_DIR; };
		3E88BDF4267904D100B553C8 /* XCTestSampleTests.swift */ = {isa = PBXFileReference; lastKnownFileType = sourcecode.swift; path = XCTestSampleTests.swift; sourceTree = "<group>"; };
		3E88BDF6267904D100B553C8 /* Info.plist */ = {isa = PBXFileReference; lastKnownFileType = text.plist.xml; path = Info.plist; sourceTree = "<group>"; };
		3E88BDFB267904D100B553C8 /* XCTestSampleUITests.xctest */ = {isa = PBXFileReference; explicitFileType = wrapper.cfbundle; includeInIndex = 0; path = XCTestSampleUITests.xctest; sourceTree = BUILT_PRODUCTS_DIR; };
		3E88BDFF267904D100B553C8 /* XCTestSampleUITests.swift */ = {isa = PBXFileReference; lastKnownFileType = sourcecode.swift; path = XCTestSampleUITests.swift; sourceTree = "<group>"; };
		3E88BE01267904D100B553C8 /* Info.plist */ = {isa = PBXFileReference; lastKnownFileType = text.plist.xml; path = Info.plist; sourceTree = "<group>"; };
/* End PBXFileReference section */

/* Begin PBXFrameworksBuildPhase section */
		3E88BDD7267904CF00B553C8 /* Frameworks */ = {
			isa = PBXFrameworksBuildPhase;
			buildActionMask = 2147483647;
			files = (
			);
			runOnlyForDeploymentPostprocessing = 0;
		};
		3E88BDED267904D100B553C8 /* Frameworks */ = {
			isa = PBXFrameworksBuildPhase;
			buildActionMask = 2147483647;
			files = (
			);
			runOnlyForDeploymentPostprocessing = 0;
		};
		3E88BDF8267904D100B553C8 /* Frameworks */ = {
			isa = PBXFrameworksBuildPhase;
			buildActionMask = 2147483647;
			files = (
			);
			runOnlyForDeploymentPostprocessing = 0;
		};
/* End PBXFrameworksBuildPhase section */

/* Begin PBXGroup section */
		3E88BDD1267904CF00B553C8 = {
			isa = PBXGroup;
			children = (
				3E88BDDC267904CF00B553C8 /* XCTestSample */,
				3E88BDF3267904D100B553C8 /* XCTestSampleTests */,
				3E88BDFE267904D100B553C8 /* XCTestSampleUITests */,
				3E88BDDB267904CF00B553C8 /* Products */,
			);
			sourceTree = "<group>";
		};
		3E88BDDB267904CF00B553C8 /* Products */ = {
			isa = PBXGroup;
			children = (
				3E88BDDA267904CF00B553C8 /* XCTestSample.app */,
				3E88BDF0267904D100B553C8 /* XCTestSampleTests.xctest */,
				3E88BDFB267904D100B553C8 /* XCTestSampleUITests.xctest */,
			);
			name = Products;
			sourceTree = "<group>";
		};
		3E88BDDC267904CF00B553C8 /* XCTestSample */ = {
			isa = PBXGroup;
			children = (
				3E88BDDD267904CF00B553C8 /* AppDelegate.swift */,
				3E88BDDF267904CF00B553C8 /* SceneDelegate.swift */,
				3E88BDE1267904CF00B553C8 /* ViewController.swift */,
				3E88BDE3267904CF00B553C8 /* Main.storyboard */,
				3E88BDE6267904D000B553C8 /* Assets.xcassets */,
				3E88BDE8267904D000B553C8 /* LaunchScreen.storyboard */,
				3E88BDEB267904D000B553C8 /* Info.plist */,
			);
			path = XCTestSample;
			sourceTree = "<group>";
		};
		3E88BDF3267904D100B553C8 /* XCTestSampleTests */ = {
			isa = PBXGroup;
			children = (
				3E88BDF4267904D100B553C8 /* XCTestSampleTests.swift */,
				3E88BDF6267904D100B553C8 /* Info.plist */,
			);
			path = XCTestSampleTests;
			sourceTree = "<group>";
		};
		3E88BDFE267904D100B553C8 /* XCTestSampleUITests */ = {
			isa = PBXGroup;
			children = (
				3E88BDFF267904D100B553C8 /* XCTestSampleUITests.swift */,
				3E88BE01267904D100B553C8 /* Info.plist */,
			);
			path = XCTestSampleUITests;
			sourceTree = "<group>";
		};
/* End PBXGroup section */

/* Begin PBXNativeTarget section */
		3E88BDD9267904CF00B553C8 /* XCTestSample */ = {
			isa = PBXNativeTarget;
			buildConfigurationList = 3E88BE04267904D100B553C8 /* Build configuration list for PBXNativeTarget "XCTestSample" */;
			buildPhases = (
				3E88BDD6267904CF00B553C8 /* Sources */,
				3E88BDD7267904CF00B553C8 /* Frameworks */,
				3E88BDD8267904CF00B553C8 /* Resources */,
			);
			buildRules = (
			);
			dependencies = (
			);
			name = XCTestSample;
			productName = XCTestSample;
			productReference = 3E88BDDA267904CF00B553C8 /* XCTestSample.app */;
			productType = "com.apple.product-type.application";
		};
		3E88BDEF267904D100B553C8 /* XCTestSampleTests */ = {
			isa = PBXNativeTarget;
			buildConfigurationList = 3E88BE07267904D100B553C8 /* Build configuration list for PBXNativeTarget "XCTestSampleTests" */;
			buildPhases = (
				3E88BDEC267904D100B553C8 /* Sources */,
				3E88BDED267904D100B553C8 /* Frameworks */,
				3E88BDEE267904D100B553C8 /* Resources */,
			);
			buildRules = (
			);
			dependencies = (
				3E88BDF2267904D100B553C8 /* PBXTargetDependency */,
			);
			name = XCTestSampleTests;
			productName = XCTestSampleTests;
			productReference = 3E88BDF0267904D100B553C8 /* XCTestSampleTests.xctest */;
			productType = "com.apple.product-type.bundle.unit-test";
		};
		3E88BDFA267904D100B553C8 /* XCTestSampleUITests */ = {
			isa = PBXNativeTarget;
			buildConfigurationList = 3E88BE0A267904D100B553C8 /* Build configuration list for PBXNativeTarget "XCTestSampleUITests" */;
			buildPhases = (
				3E88BDF7267904D100B553C8 /* Sources */,
				3E88BDF8267904D100B553C8 /* Frameworks */,
				3E88BDF9267904D100B553C8 /* Resources */,
			);
			buildRules = (
			);
			dependencies = (
				3E88BDFD267904D100B553C8 /* PBXTargetDependency */,
			);
			name = XCTestSampleUITests;
			productName = XCTestSampleUITests;
			productReference = 3E88BDFB267904D100B553C8 /* XCTestSampleUITests.xctest */;
			productType = "com.apple.product-type.bundle.ui-testing";
		};
/* End PBXNativeTarget section */

/* Begin PBXProject section */
		3E88BDD2267904CF00B553C8 /* Project object */ = {
			isa = PBXProject;
			attributes = {
				LastSwiftUpdateCheck = 1250;
				LastUpgradeCheck = 1250;
				TargetAttributes = {
					3E88BDD9267904CF00B553C8 = {
						CreatedOnToolsVersion = 12.5;
					};
					3E88BDEF267904D100B553C8 = {
						CreatedOnToolsVersion = 12.5;
						TestTargetID = 3E88BDD9267904CF00B553C8;
					};
					3E88BDFA267904D100B553C8 = {
						CreatedOnToolsVersion = 12.5;
						TestTargetID = 3E88BDD9267904CF00B553C8;
					};
				};
			};
			buildConfigurationList = 3E88BDD5267904CF00B553C8 /* Build configuration list for PBXProject "XCTestSample" */;
			compatibilityVersion = "Xcode 9.3";
			developmentRegion = en;
			hasScannedForEncodings = 0;
			knownRegions = (
				en,
				Base,
			);
			mainGroup = 3E88BDD1267904CF00B553C8;
			productRefGroup = 3E88BDDB267904CF00B553C8 /* Products */;
			projectDirPath = "";
			projectRoot = "";
			targets = (
				3E88BDD9267904CF00B553C8 /* XCTestSample */,
				3E88BDEF267904D100B553C8 /* XCTestSampleTests */,
				3E88BDFA267904D100B553C8 /* XCTestSampleUITests */,
			);
		};
/* End PBXProject section */

/* Begin PBXResourcesBuildPhase section */
		3E88BDD8267904CF00B553C8 /* Resources */ = {
			isa = PBXResourcesBuildPhase;
			buildActionMask = 2147483647;
			files = (
				3E88BDEA267904D000B553C8 /* LaunchScreen.storyboard in Resources */,
				3E88BDE7267904D000B553C8 /* Assets.xcassets in Resources */,
				3E88BDE5267904CF00B553C8 /* Main.storyboard in Resources */,
			);
			runOnlyForDeploymentPostprocessing = 0;
		};
		3E88BDEE267904D100B553C8 /* Resources */ = {
			isa = PBXResourcesBuildPhase;
			buildActionMask = 2147483647;
			files = (
			);
			runOnlyForDeploymentPostprocessing = 0;
		};
		3E88BDF9267904D100B553C8 /* Resources */ = {
			isa = PBXResourcesBuildPhase;
			buildActionMask = 2147483647;
			files = (
			);
			runOnlyForDeploymentPostprocessing = 0;
		};
/* End PBXResourcesBuildPhase section */

/* Begin PBXSourcesBuildPhase section */
		3E88BDD6267904CF00B553C8 /* Sources */ = {
			isa = PBXSourcesBuildPhase;
			buildActionMask = 2147483647;
			files = (
				3E88BDE2267904CF00B553C8 /* ViewController.swift in Sources */,
				3E88BDDE267904CF00B553C8 /* AppDelegate.swift in Sources */,
				3E88BDE0267904CF00B553C8 /* SceneDelegate.swift in Sources */,
			);
			runOnlyForDeploymentPostprocessing = 0;
		};
		3E88BDEC267904D100B553C8 /* Sources */ = {
			isa = PBXSourcesBuildPhase;
			buildActionMask = 2147483647;
			files = (
				3E88BDF5267904D100B553C8 /* XCTestSampleTests.swift in Sources */,
			);
			runOnlyForDeploymentPostprocessing = 0;
		};
		3E88BDF7267904D100B553C8 /* Sources */ = {
			isa = PBXSourcesBuildPhase;
			buildActionMask = 2147483647;
			files = (
				3E88BE00267904D100B553C8 /* XCTestSampleUITests.swift in Sources */,
			);
			runOnlyForDeploymentPostprocessing = 0;
		};
/* End PBXSourcesBuildPhase section */

/* Begin PBXTargetDependency section */
		3E88BDF2267904D100B553C8 /* PBXTargetDependency */ = {
			isa = PBXTargetDependency;
			target = 3E88BDD9267904CF00B553C8 /* XCTestSample */;
			targetProxy = 3E88BDF1267904D100B553C8 /* PBXContainerItemProxy */;
		};
		3E88BDFD267904D100B553C8 /* PBXTargetDependency */ = {
			isa = PBXTargetDependency;
			target = 3E88BDD9267904CF00B553C8 /* XCTestSample */;
			targetProxy = 3E88BDFC267904D100B553C8 /* PBXContainerItemProxy */;
		};
/* End PBXTargetDependency section */

/* Begin PBXVariantGroup section */
		3E88BDE3267904CF00B553C8 /* Main.storyboard */ = {
			isa = PBXVariantGroup;
			children = (
				3E88BDE4267904CF00B553C8 /* Base */,
			);
			name = Main.storyboard;
			sourceTree = "<group>";
		};
		3E88BDE8267904D000B553C8 /* LaunchScreen.storyboard */ = {
			isa = PBXVariantGroup;
			children = (
				3E88BDE9267904D000B553C8 /* Base */,
			);
			name = LaunchScreen.storyboard;
			sourceTree = "<group>";
		};
/* End PBXVariantGroup section */

/* Begin XCBuildConfiguration section */
		3E88BE02267904D100B553C8 /* Debug */ = {
			isa = XCBuildConfiguration;
			buildSettings = {
				ALWAYS_SEARCH_USER_PATHS = NO;
				CLANG_ANALYZER_NONNULL = YES;
				CLANG_ANALYZER_NUMBER_OBJECT_CONVERSION = YES_AGGRESSIVE;
				CLANG_CXX_LANGUAGE_STANDARD = "gnu++14";
				CLANG_CXX_LIBRARY = "libc++";
				CLANG_ENABLE_MODULES = YES;
				CLANG_ENABLE_OBJC_ARC = YES;
				CLANG_ENABLE_OBJC_WEAK = YES;
				CLANG_WARN_BLOCK_CAPTURE_AUTORELEASING = YES;
				CLANG_WARN_BOOL_CONVERSION = YES;
				CLANG_WARN_COMMA = YES;
				CLANG_WARN_CONSTANT_CONVERSION = YES;
				CLANG_WARN_DEPRECATED_OBJC_IMPLEMENTATIONS = YES;
				CLANG_WARN_DIRECT_OBJC_ISA_USAGE = YES_ERROR;
				CLANG_WARN_DOCUMENTATION_COMMENTS = YES;
				CLANG_WARN_EMPTY_BODY = YES;
				CLANG_WARN_ENUM_CONVERSION = YES;
				CLANG_WARN_INFINITE_RECURSION = YES;
				CLANG_WARN_INT_CONVERSION = YES;
				CLANG_WARN_NON_LITERAL_NULL_CONVERSION = YES;
				CLANG_WARN_OBJC_IMPLICIT_RETAIN_SELF = YES;
				CLANG_WARN_OBJC_LITERAL_CONVERSION = YES;
				CLANG_WARN_OBJC_ROOT_CLASS = YES_ERROR;
				CLANG_WARN_QUOTED_INCLUDE_IN_FRAMEWORK_HEADER = YES;
				CLANG_WARN_RANGE_LOOP_ANALYSIS = YES;
				CLANG_WARN_STRICT_PROTOTYPES = YES;
				CLANG_WARN_SUSPICIOUS_MOVE = YES;
				CLANG_WARN_UNGUARDED_AVAILABILITY = YES_AGGRESSIVE;
				CLANG_WARN_UNREACHABLE_CODE = YES;
				CLANG_WARN__DUPLICATE_METHOD_MATCH = YES;
				COPY_PHASE_STRIP = NO;
				DEBUG_INFORMATION_FORMAT = dwarf;
				ENABLE_STRICT_OBJC_MSGSEND = YES;
				ENABLE_TESTABILITY = YES;
				GCC_C_LANGUAGE_STANDARD = gnu11;
				GCC_DYNAMIC_NO_PIC = NO;
				GCC_NO_COMMON_BLOCKS = YES;
				GCC_OPTIMIZATION_LEVEL = 0;
				GCC_PREPROCESSOR_DEFINITIONS = (
					"DEBUG=1",
					"$(inherited)",
				);
				GCC_WARN_64_TO_32_BIT_CONVERSION = YES;
				GCC_WARN_ABOUT_RETURN_TYPE = YES_ERROR;
				GCC_WARN_UNDECLARED_SELECTOR = YES;
				GCC_WARN_UNINITIALIZED_AUTOS = YES_AGGRESSIVE;
				GCC_WARN_UNUSED_FUNCTION = YES;
				GCC_WARN_UNUSED_VARIABLE = YES;
				IPHONEOS_DEPLOYMENT_TARGET = 14.5;
				MTL_ENABLE_DEBUG_INFO = INCLUDE_SOURCE;
				MTL_FAST_MATH = YES;
				ONLY_ACTIVE_ARCH = YES;
				SDKROOT = iphoneos;
				SWIFT_ACTIVE_COMPILATION_CONDITIONS = DEBUG;
				SWIFT_OPTIMIZATION_LEVEL = "-Onone";
			};
			name = Debug;
		};
		3E88BE03267904D100B553C8 /* Release */ = {
			isa = XCBuildConfiguration;
			buildSettings = {
				ALWAYS_SEARCH_USER_PATHS = NO;
				CLANG_ANALYZER_NONNULL = YES;
				CLANG_ANALYZER_NUMBER_OBJECT_CONVERSION = YES_AGGRESSIVE;
				CLANG_CXX_LANGUAGE_STANDARD = "gnu++14";
				CLANG_CXX_LIBRARY = "libc++";
				CLANG_ENABLE_MODULES = YES;
				CLANG_ENABLE_OBJC_ARC = YES;
				CLANG_ENABLE_OBJC_WEAK = YES;
				CLANG_WARN_BLOCK_CAPTURE_AUTORELEASING = YES;
				CLANG_WARN_BOOL_CONVERSION = YES;
				CLANG_WARN_COMMA = YES;
				CLANG_WARN_CONSTANT_CONVERSION = YES;
				CLANG_WARN_DEPRECATED_OBJC_IMPLEMENTATIONS = YES;
				CLANG_WARN_DIRECT_OBJC_ISA_USAGE = YES_ERROR;
				CLANG_WARN_DOCUMENTATION_COMMENTS = YES;
				CLANG_WARN_EMPTY_BODY = YES;
				CLANG_WARN_ENUM_CONVERSION = YES;
				CLANG_WARN_INFINITE_RECURSION = YES;
				CLANG_WARN_INT_CONVERSION = YES;
				CLANG_WARN_NON_LITERAL_NULL_CONVERSION = YES;
				CLANG_WARN_OBJC_IMPLICIT_RETAIN_SELF = YES;
				CLANG_WARN_OBJC_LITERAL_CONVERSION = YES;
				CLANG_WARN_OBJC_ROOT_CLASS = YES_ERROR;
				CLANG_WARN_QUOTED_INCLUDE_IN_FRAMEWORK_HEADER = YES;
				CLANG_WARN_RANGE_LOOP_ANALYSIS = YES;
				CLANG_WARN_STRICT_PROTOTYPES = YES;
				CLANG_WARN_SUSPICIOUS_MOVE = YES;
				CLANG_WARN_UNGUARDED_AVAILABILITY = YES_AGGRESSIVE;
				CLANG_WARN_UNREACHABLE_CODE = YES;
				CLANG_WARN__DUPLICATE_METHOD_MATCH = YES;
				COPY_PHASE_STRIP = NO;
				DEBUG_INFORMATION_FORMAT = "dwarf-with-dsym";
				ENABLE_NS_ASSERTIONS = NO;
				ENABLE_STRICT_OBJC_MSGSEND = YES;
				GCC_C_LANGUAGE_STANDARD = gnu11;
				GCC_NO_COMMON_BLOCKS = YES;
				GCC_WARN_64_TO_32_BIT_CONVERSION = YES;
				GCC_WARN_ABOUT_RETURN_TYPE = YES_ERROR;
				GCC_WARN_UNDECLARED_SELECTOR = YES;
				GCC_WARN_UNINITIALIZED_AUTOS = YES_AGGRESSIVE;
				GCC_WARN_UNUSED_FUNCTION = YES;
				GCC_WARN_UNUSED_VARIABLE = YES;
				IPHONEOS_DEPLOYMENT_TARGET = 14.5;
				MTL_ENABLE_DEBUG_INFO = NO;
				MTL_FAST_MATH = YES;
				SDKROOT = iphoneos;
				SWIFT_COMPILATION_MODE = wholemodule;
				SWIFT_OPTIMIZATION_LEVEL = "-O";
				VALIDATE_PRODUCT = YES;
			};
			name = Release;
		};
		3E88BE05267904D100B553C8 /* Debug */ = {
			isa = XCBuildConfiguration;
			buildSettings = {
				ASSETCATALOG_COMPILER_APPICON_NAME = AppIcon;
				ASSETCATALOG_COMPILER_GLOBAL_ACCENT_COLOR_NAME = AccentColor;
				CODE_SIGN_STYLE = Automatic;
				DEVELOPMENT_TEAM = KU4WZ5AUR8;
				INFOPLIST_FILE = XCTestSample/Info.plist;
				LD_RUNPATH_SEARCH_PATHS = (
					"$(inherited)",
					"@executable_path/Frameworks",
				);
				PRODUCT_BUNDLE_IDENTIFIER = com.lc.XCTestSample;
				PRODUCT_NAME = "$(TARGET_NAME)";
				SWIFT_VERSION = 5.0;
				TARGETED_DEVICE_FAMILY = "1,2";
			};
			name = Debug;
		};
		3E88BE06267904D100B553C8 /* Release */ = {
			isa = XCBuildConfiguration;
			buildSettings = {
				ASSETCATALOG_COMPILER_APPICON_NAME = AppIcon;
				ASSETCATALOG_COMPILER_GLOBAL_ACCENT_COLOR_NAME = AccentColor;
				CODE_SIGN_STYLE = Automatic;
				DEVELOPMENT_TEAM = KU4WZ5AUR8;
				INFOPLIST_FILE = XCTestSample/Info.plist;
				LD_RUNPATH_SEARCH_PATHS = (
					"$(inherited)",
					"@executable_path/Frameworks",
				);
				PRODUCT_BUNDLE_IDENTIFIER = com.lc.XCTestSample;
				PRODUCT_NAME = "$(TARGET_NAME)";
				SWIFT_VERSION = 5.0;
				TARGETED_DEVICE_FAMILY = "1,2";
			};
			name = Release;
		};
		3E88BE08267904D100B553C8 /* Debug */ = {
			isa = XCBuildConfiguration;
			buildSettings = {
				ALWAYS_EMBED_SWIFT_STANDARD_LIBRARIES = YES;
				BUNDLE_LOADER = "$(TEST_HOST)";
				CODE_SIGN_STYLE = Automatic;
				DEVELOPMENT_TEAM = KU4WZ5AUR8;
				INFOPLIST_FILE = XCTestSampleTests/Info.plist;
				IPHONEOS_DEPLOYMENT_TARGET = 14.5;
				LD_RUNPATH_SEARCH_PATHS = (
					"$(inherited)",
					"@executable_path/Frameworks",
					"@loader_path/Frameworks",
				);
				PRODUCT_BUNDLE_IDENTIFIER = com.lc.XCTestSampleTests;
				PRODUCT_NAME = "$(TARGET_NAME)";
				SWIFT_VERSION = 5.0;
				TARGETED_DEVICE_FAMILY = "1,2";
				TEST_HOST = "$(BUILT_PRODUCTS_DIR)/XCTestSample.app/XCTestSample";
			};
			name = Debug;
		};
		3E88BE09267904D100B553C8 /* Release */ = {
			isa = XCBuildConfiguration;
			buildSettings = {
				ALWAYS_EMBED_SWIFT_STANDARD_LIBRARIES = YES;
				BUNDLE_LOADER = "$(TEST_HOST)";
				CODE_SIGN_STYLE = Automatic;
				DEVELOPMENT_TEAM = KU4WZ5AUR8;
				INFOPLIST_FILE = XCTestSampleTests/Info.plist;
				IPHONEOS_DEPLOYMENT_TARGET = 14.5;
				LD_RUNPATH_SEARCH_PATHS = (
					"$(inherited)",
					"@executable_path/Frameworks",
					"@loader_path/Frameworks",
				);
				PRODUCT_BUNDLE_IDENTIFIER = com.lc.XCTestSampleTests;
				PRODUCT_NAME = "$(TARGET_NAME)";
				SWIFT_VERSION = 5.0;
				TARGETED_DEVICE_FAMILY = "1,2";
				TEST_HOST = "$(BUILT_PRODUCTS_DIR)/XCTestSample.app/XCTestSample";
			};
			name = Release;
		};
		3E88BE0B267904D100B553C8 /* Debug */ = {
			isa = XCBuildConfiguration;
			buildSettings = {
				ALWAYS_EMBED_SWIFT_STANDARD_LIBRARIES = YES;
				CODE_SIGN_STYLE = Automatic;
				DEVELOPMENT_TEAM = KU4WZ5AUR8;
				INFOPLIST_FILE = XCTestSampleUITests/Info.plist;
				LD_RUNPATH_SEARCH_PATHS = (
					"$(inherited)",
					"@executable_path/Frameworks",
					"@loader_path/Frameworks",
				);
				PRODUCT_BUNDLE_IDENTIFIER = com.lc.XCTestSampleUITests;
				PRODUCT_NAME = "$(TARGET_NAME)";
				SWIFT_VERSION = 5.0;
				TARGETED_DEVICE_FAMILY = "1,2";
				TEST_TARGET_NAME = XCTestSample;
			};
			name = Debug;
		};
		3E88BE0C267904D100B553C8 /* Release */ = {
			isa = XCBuildConfiguration;
			buildSettings = {
				ALWAYS_EMBED_SWIFT_STANDARD_LIBRARIES = YES;
				CODE_SIGN_STYLE = Automatic;
				DEVELOPMENT_TEAM = KU4WZ5AUR8;
				INFOPLIST_FILE = XCTestSampleUITests/Info.plist;
				LD_RUNPATH_SEARCH_PATHS = (
					"$(inherited)",
					"@executable_path/Frameworks",
					"@loader_path/Frameworks",
				);
				PRODUCT_BUNDLE_IDENTIFIER = com.lc.XCTestSampleUITests;
				PRODUCT_NAME = "$(TARGET_NAME)";
				SWIFT_VERSION = 5.0;
				TARGETED_DEVICE_FAMILY = "1,2";
				TEST_TARGET_NAME = XCTestSample;
			};
			name = Release;
		};
/* End XCBuildConfiguration section */

/* Begin XCConfigurationList section */
		3E88BDD5267904CF00B553C8 /* Build configuration list for PBXProject "XCTestSample" */ = {
			isa = XCConfigurationList;
			buildConfigurations = (
				3E88BE02267904D100B553C8 /* Debug */,
				3E88BE03267904D100B553C8 /* Release */,
			);
			defaultConfigurationIsVisible = 0;
			defaultConfigurationName = Release;
		};
		3E88BE04267904D100B553C8 /* Build configuration list for PBXNativeTarget "XCTestSample" */ = {
			isa = XCConfigurationList;
			buildConfigurations = (
				3E88BE05267904D100B553C8 /* Debug */,
				3E88BE06267904D100B553C8 /* Release */,
			);
			defaultConfigurationIsVisible = 0;
			defaultConfigurationName = Release;
		};
		3E88BE07267904D100B553C8 /* Build configuration list for PBXNativeTarget "XCTestSampleTests" */ = {
			isa = XCConfigurationList;
			buildConfigurations = (
				3E88BE08267904D100B553C8 /* Debug */,
				3E88BE09267904D100B553C8 /* Release */,
			);
			defaultConfigurationIsVisible = 0;
			defaultConfigurationName = Release;
		};
		3E88BE0A267904D100B553C8 /* Build configuration list for PBXNativeTarget "XCTestSampleUITests" */ = {
			isa = XCConfigurationList;
			buildConfigurations = (
				3E88BE0B267904D100B553C8 /* Debug */,
				3E88BE0C267904D100B553C8 /* Release */,
			);
			defaultConfigurationIsVisible = 0;
			defaultConfigurationName = Release;
		};
/* End XCConfigurationList section */
	};
	rootObject = 3E88BDD2267904CF00B553C8 /* Project object */;
}
